# generated by rye
# use `rye lock` or `rye sync` to update this lockfile
#
# last locked with the following flags:
#   pre: false
#   features: []
#   all-features: false
#   with-sources: false
#   generate-hashes: false

-e file:.
black==24.4.2
click==8.1.7
    # via black
flake8==7.1.0
isort==5.13.2
mccabe==0.7.0
    # via flake8
mypy==1.10.0
mypy-extensions==1.0.0
    # via black
    # via mypy
packaging==24.1
    # via black
pathspec==0.12.1
    # via black
pillow==10.3.0
    # via qnap-file-organizer
platformdirs==4.2.2
    # via black
pyclean==3.0.0
pycodestyle==2.12.0
    # via flake8
pyflakes==3.2.0
    # via flake8
typing-extensions==4.12.2
    # via mypy
